
Microsoft Visual Studio Solution File, Format Version 12.00
# Visual Studio Version 17
VisualStudioVersion = 17.13.35806.99 d17.13
MinimumVisualStudioVersion = 10.0.40219.1
Project("{FAE04EC0-301F-11D3-BF4B-00C04F79EFBC}") = "Classio", "Classio\Classio.csproj", "{D9BE0780-F1FE-491B-82A2-B94FB7F770E8}"
EndProject
Global
	GlobalSection(SolutionConfigurationPlatforms) = preSolution
		Debug|Any CPU = Debug|Any CPU
		Release|Any CPU = Release|Any CPU
	EndGlobalSection
	GlobalSection(ProjectConfigurationPlatforms) = postSolution
		{D9BE0780-F1FE-491B-82A2-B94FB7F770E8}.Debug|Any CPU.ActiveCfg = Debug|Any CPU
		{D9BE0780-F1FE-491B-82A2-B94FB7F770E8}.Debug|Any CPU.Build.0 = Debug|Any CPU
		{D9BE0780-F1FE-491B-82A2-B94FB7F770E8}.Release|Any CPU.ActiveCfg = Release|Any CPU
		{D9BE0780-F1FE-491B-82A2-B94FB7F770E8}.Release|Any CPU.Build.0 = Release|Any CPU
	EndGlobalSection
	GlobalSection(SolutionProperties) = preSolution
		HideSolutionNode = FALSE
	EndGlobalSection
	GlobalSection(ExtensibilityGlobals) = postSolution
		SolutionGuid = {84B7F23B-B803-4D5E-9196-E350410DA589}
	EndGlobalSection
EndGlobal
